
Microsoft Visual Studio Solution File, Format Version 12.00
# Visual Studio 15
Project("{FAE04EC0-301F-11D3-BF4B-00C04F79EFBC}") = "Assembly-CSharp", "Assembly-CSharp.csproj", "{21567C0E-608E-C264-FC0A-729C59998024}"
EndProject
Project("{FAE04EC0-301F-11D3-BF4B-00C04F79EFBC}") = "AmplifyShaderEditor", "AmplifyShaderEditor.csproj", "{89788ACA-58BC-D0C8-5EC8-D3A03944E8AA}"
EndProject
Global
	GlobalSection(SolutionConfigurationPlatforms) = preSolution
		Debug|Any CPU = Debug|Any CPU
		Release|Any CPU = Release|Any CPU
	EndGlobalSection
	GlobalSection(ProjectConfigurationPlatforms) = postSolution
		{21567C0E-608E-C264-FC0A-729C59998024}.Debug|Any CPU.ActiveCfg = Debug|Any CPU
		{21567C0E-608E-C264-FC0A-729C59998024}.Debug|Any CPU.Build.0 = Debug|Any CPU
		{21567C0E-608E-C264-FC0A-729C59998024}.Release|Any CPU.ActiveCfg = Release|Any CPU
		{21567C0E-608E-C264-FC0A-729C59998024}.Release|Any CPU.Build.0 = Release|Any CPU
		{89788ACA-58BC-D0C8-5EC8-D3A03944E8AA}.Debug|Any CPU.ActiveCfg = Debug|Any CPU
		{89788ACA-58BC-D0C8-5EC8-D3A03944E8AA}.Debug|Any CPU.Build.0 = Debug|Any CPU
		{89788ACA-58BC-D0C8-5EC8-D3A03944E8AA}.Release|Any CPU.ActiveCfg = Release|Any CPU
		{89788ACA-58BC-D0C8-5EC8-D3A03944E8AA}.Release|Any CPU.Build.0 = Release|Any CPU
	EndGlobalSection
	GlobalSection(SolutionProperties) = preSolution
		HideSolutionNode = FALSE
	EndGlobalSection
EndGlobal
